
Microsoft Visual Studio Solution File, Format Version 12.00
# Visual Studio Version 17
VisualStudioVersion = 17.10.35013.160
MinimumVisualStudioVersion = 10.0.40219.1
Project("{FAE04EC0-301F-11D3-BF4B-00C04F79EFBC}") = "MeetingApp", "MeetingApp\MeetingApp.csproj", "{BAD0386C-EEAE-4D62-8A28-480FFF6DEA06}"
EndProject
Global
	GlobalSection(SolutionConfigurationPlatforms) = preSolution
		Debug|Any CPU = Debug|Any CPU
		Release|Any CPU = Release|Any CPU
	EndGlobalSection
	GlobalSection(ProjectConfigurationPlatforms) = postSolution
		{BAD0386C-EEAE-4D62-8A28-480FFF6DEA06}.Debug|Any CPU.ActiveCfg = Debug|Any CPU
		{BAD0386C-EEAE-4D62-8A28-480FFF6DEA06}.Debug|Any CPU.Build.0 = Debug|Any CPU
		{BAD0386C-EEAE-4D62-8A28-480FFF6DEA06}.Release|Any CPU.ActiveCfg = Release|Any CPU
		{BAD0386C-EEAE-4D62-8A28-480FFF6DEA06}.Release|Any CPU.Build.0 = Release|Any CPU
	EndGlobalSection
	GlobalSection(SolutionProperties) = preSolution
		HideSolutionNode = FALSE
	EndGlobalSection
	GlobalSection(ExtensibilityGlobals) = postSolution
		SolutionGuid = {38BB3FAC-2B14-4010-ADE6-190539135A27}
	EndGlobalSection
EndGlobal
